
Microsoft Visual Studio Solution File, Format Version 12.00
# Visual Studio 15
VisualStudioVersion = 15.0.26403.7
MinimumVisualStudioVersion = 10.0.40219.1
Project("{2150E333-8FDC-42A3-9474-1A3956D46DE8}") = "Mongo", "Mongo", "{F7AFB852-FEE7-4987-AAA9-CED9FDDC665E}"
EndProject
Project("{FAE04EC0-301F-11D3-BF4B-00C04F79EFBC}") = "Mongo.Sandbox", "Mongo.Sandbox\Mongo.Sandbox.csproj", "{87980F44-AAB0-4129-8AF1-CA79EBFB94A8}"
EndProject
Project("{FAE04EC0-301F-11D3-BF4B-00C04F79EFBC}") = "Mongo.Performance", "Mongo.Performance\Mongo.Performance.csproj", "{82061F41-4DD8-4561-A0B6-577C32CABD49}"
EndProject
Project("{2150E333-8FDC-42A3-9474-1A3956D46DE8}") = "SQL", "SQL", "{CDAA0490-0A83-4C8D-93C1-6A178ABB9732}"
EndProject
Project("{FAE04EC0-301F-11D3-BF4B-00C04F79EFBC}") = "SQL.Databases", "SQL.Databases\SQL.Databases.csproj", "{6210A099-C7B8-4283-AB13-A30F52248E23}"
EndProject
Project("{FAE04EC0-301F-11D3-BF4B-00C04F79EFBC}") = "PlayField", "PlayField\PlayField.csproj", "{51843EF8-FEB6-4D2B-B053-1CE159FF973F}"
EndProject
Global
	GlobalSection(SolutionConfigurationPlatforms) = preSolution
		Debug|Any CPU = Debug|Any CPU
		Release|Any CPU = Release|Any CPU
	EndGlobalSection
	GlobalSection(ProjectConfigurationPlatforms) = postSolution
		{87980F44-AAB0-4129-8AF1-CA79EBFB94A8}.Debug|Any CPU.ActiveCfg = Debug|Any CPU
		{87980F44-AAB0-4129-8AF1-CA79EBFB94A8}.Debug|Any CPU.Build.0 = Debug|Any CPU
		{87980F44-AAB0-4129-8AF1-CA79EBFB94A8}.Release|Any CPU.ActiveCfg = Release|Any CPU
		{87980F44-AAB0-4129-8AF1-CA79EBFB94A8}.Release|Any CPU.Build.0 = Release|Any CPU
		{82061F41-4DD8-4561-A0B6-577C32CABD49}.Debug|Any CPU.ActiveCfg = Debug|Any CPU
		{82061F41-4DD8-4561-A0B6-577C32CABD49}.Debug|Any CPU.Build.0 = Debug|Any CPU
		{82061F41-4DD8-4561-A0B6-577C32CABD49}.Release|Any CPU.ActiveCfg = Release|Any CPU
		{82061F41-4DD8-4561-A0B6-577C32CABD49}.Release|Any CPU.Build.0 = Release|Any CPU
		{6210A099-C7B8-4283-AB13-A30F52248E23}.Debug|Any CPU.ActiveCfg = Debug|Any CPU
		{6210A099-C7B8-4283-AB13-A30F52248E23}.Debug|Any CPU.Build.0 = Debug|Any CPU
		{6210A099-C7B8-4283-AB13-A30F52248E23}.Release|Any CPU.ActiveCfg = Release|Any CPU
		{6210A099-C7B8-4283-AB13-A30F52248E23}.Release|Any CPU.Build.0 = Release|Any CPU
		{51843EF8-FEB6-4D2B-B053-1CE159FF973F}.Debug|Any CPU.ActiveCfg = Debug|Any CPU
		{51843EF8-FEB6-4D2B-B053-1CE159FF973F}.Debug|Any CPU.Build.0 = Debug|Any CPU
		{51843EF8-FEB6-4D2B-B053-1CE159FF973F}.Release|Any CPU.ActiveCfg = Release|Any CPU
		{51843EF8-FEB6-4D2B-B053-1CE159FF973F}.Release|Any CPU.Build.0 = Release|Any CPU
	EndGlobalSection
	GlobalSection(SolutionProperties) = preSolution
		HideSolutionNode = FALSE
	EndGlobalSection
	GlobalSection(NestedProjects) = preSolution
		{87980F44-AAB0-4129-8AF1-CA79EBFB94A8} = {F7AFB852-FEE7-4987-AAA9-CED9FDDC665E}
		{82061F41-4DD8-4561-A0B6-577C32CABD49} = {F7AFB852-FEE7-4987-AAA9-CED9FDDC665E}
		{6210A099-C7B8-4283-AB13-A30F52248E23} = {CDAA0490-0A83-4C8D-93C1-6A178ABB9732}
	EndGlobalSection
EndGlobal
